{
  "nodes": {
    "nixpkgs": {
      "locked": {
        "lastModified": 1708564076,
        "narHash": "sha256-KKkqoxlgx9n3nwST7O2kM8tliDOijiSSNaWuSkiozdQ=",
        "owner": "nixos",
        "repo": "nixpkgs",
        "rev": "98b00b6947a9214381112bdb6f89c25498db4959",
        "type": "github"
      },
      "original": {
        "owner": "nixos",
        "ref": "nixpkgs-unstable",
        "repo": "nixpkgs",
        "type": "github"
      }
    },
    "nosys": {
      "locked": {
        "lastModified": 1685411599,
        "narHash": "sha256-+W6yxZXJwta1zIruKMmXwayLZvqLjRZ7L/VnQFNyRJw=",
        "owner": "divnix",
        "repo": "nosys",
        "rev": "6e168298ce2f9aa9fc6ef85ded56b07f41d90d18",
        "type": "github"
      },
      "original": {
        "owner": "divnix",
        "repo": "nosys",
        "type": "github"
      }
    },
    "root": {
      "inputs": {
        "nixpkgs": "nixpkgs",
        "nosys": "nosys"
      }
    }
  },
  "root": "root",
  "version": 7
}
